
Microsoft Visual Studio Solution File, Format Version 12.00
# Visual Studio Version 16
VisualStudioVersion = 16.0.29519.181
MinimumVisualStudioVersion = 10.0.40219.1
Project("{2150E333-8FDC-42A3-9474-1A3956D46DE8}") = "Caliburn.Micro.Tests", "Caliburn.Micro.Tests", "{75218E6C-3CF6-4A27-877B-5563A2BFB4A3}"
EndProject
Project("{9A19103F-16F7-4668-BE54-9A1E7A4F7556}") = "Caliburn.Micro", "Caliburn.Micro\Caliburn.Micro.csproj", "{EF2C0C7D-3FFE-4884-9AAC-7622FEE66809}"
EndProject
Project("{FAE04EC0-301F-11D3-BF4B-00C04F79EFBC}") = "Caliburn.Micro.Tests", "Caliburn.Micro.Tests\Caliburn.Micro.Tests.csproj", "{374C996D-59C3-426D-B6BD-D884348BE7C8}"
EndProject
Project("{9A19103F-16F7-4668-BE54-9A1E7A4F7556}") = "Caliburn.Micro.Core", "Caliburn.Micro.Core\Caliburn.Micro.Core.csproj", "{5198B87D-8E7B-48D9-960D-63170A6956C5}"
EndProject
Global
	GlobalSection(SolutionConfigurationPlatforms) = preSolution
		Debug|Any CPU = Debug|Any CPU
		Debug|ARM = Debug|ARM
		Debug|x64 = Debug|x64
		Debug|x86 = Debug|x86
		Release|Any CPU = Release|Any CPU
		Release|ARM = Release|ARM
		Release|x64 = Release|x64
		Release|x86 = Release|x86
	EndGlobalSection
	GlobalSection(ProjectConfigurationPlatforms) = postSolution
		{EF2C0C7D-3FFE-4884-9AAC-7622FEE66809}.Debug|Any CPU.ActiveCfg = Debug|Any CPU
		{EF2C0C7D-3FFE-4884-9AAC-7622FEE66809}.Debug|Any CPU.Build.0 = Debug|Any CPU
		{EF2C0C7D-3FFE-4884-9AAC-7622FEE66809}.Debug|ARM.ActiveCfg = Debug|Any CPU
		{EF2C0C7D-3FFE-4884-9AAC-7622FEE66809}.Debug|ARM.Build.0 = Debug|Any CPU
		{EF2C0C7D-3FFE-4884-9AAC-7622FEE66809}.Debug|x64.ActiveCfg = Debug|Any CPU
		{EF2C0C7D-3FFE-4884-9AAC-7622FEE66809}.Debug|x64.Build.0 = Debug|Any CPU
		{EF2C0C7D-3FFE-4884-9AAC-7622FEE66809}.Debug|x86.ActiveCfg = Debug|Any CPU
		{EF2C0C7D-3FFE-4884-9AAC-7622FEE66809}.Debug|x86.Build.0 = Debug|Any CPU
		{EF2C0C7D-3FFE-4884-9AAC-7622FEE66809}.Release|Any CPU.ActiveCfg = Release|Any CPU
		{EF2C0C7D-3FFE-4884-9AAC-7622FEE66809}.Release|Any CPU.Build.0 = Release|Any CPU
		{EF2C0C7D-3FFE-4884-9AAC-7622FEE66809}.Release|ARM.ActiveCfg = Release|Any CPU
		{EF2C0C7D-3FFE-4884-9AAC-7622FEE66809}.Release|ARM.Build.0 = Release|Any CPU
		{EF2C0C7D-3FFE-4884-9AAC-7622FEE66809}.Release|x64.ActiveCfg = Release|Any CPU
		{EF2C0C7D-3FFE-4884-9AAC-7622FEE66809}.Release|x64.Build.0 = Release|Any CPU
		{EF2C0C7D-3FFE-4884-9AAC-7622FEE66809}.Release|x86.ActiveCfg = Release|Any CPU
		{EF2C0C7D-3FFE-4884-9AAC-7622FEE66809}.Release|x86.Build.0 = Release|Any CPU
		{374C996D-59C3-426D-B6BD-D884348BE7C8}.Debug|Any CPU.ActiveCfg = Debug|Any CPU
		{374C996D-59C3-426D-B6BD-D884348BE7C8}.Debug|Any CPU.Build.0 = Debug|Any CPU
		{374C996D-59C3-426D-B6BD-D884348BE7C8}.Debug|ARM.ActiveCfg = Debug|Any CPU
		{374C996D-59C3-426D-B6BD-D884348BE7C8}.Debug|ARM.Build.0 = Debug|Any CPU
		{374C996D-59C3-426D-B6BD-D884348BE7C8}.Debug|x64.ActiveCfg = Debug|Any CPU
		{374C996D-59C3-426D-B6BD-D884348BE7C8}.Debug|x64.Build.0 = Debug|Any CPU
		{374C996D-59C3-426D-B6BD-D884348BE7C8}.Debug|x86.ActiveCfg = Debug|Any CPU
		{374C996D-59C3-426D-B6BD-D884348BE7C8}.Debug|x86.Build.0 = Debug|Any CPU
		{374C996D-59C3-426D-B6BD-D884348BE7C8}.Release|Any CPU.ActiveCfg = Release|Any CPU
		{374C996D-59C3-426D-B6BD-D884348BE7C8}.Release|Any CPU.Build.0 = Release|Any CPU
		{374C996D-59C3-426D-B6BD-D884348BE7C8}.Release|ARM.ActiveCfg = Release|Any CPU
		{374C996D-59C3-426D-B6BD-D884348BE7C8}.Release|ARM.Build.0 = Release|Any CPU
		{374C996D-59C3-426D-B6BD-D884348BE7C8}.Release|x64.ActiveCfg = Release|Any CPU
		{374C996D-59C3-426D-B6BD-D884348BE7C8}.Release|x64.Build.0 = Release|Any CPU
		{374C996D-59C3-426D-B6BD-D884348BE7C8}.Release|x86.ActiveCfg = Release|Any CPU
		{374C996D-59C3-426D-B6BD-D884348BE7C8}.Release|x86.Build.0 = Release|Any CPU
		{5198B87D-8E7B-48D9-960D-63170A6956C5}.Debug|Any CPU.ActiveCfg = Debug|Any CPU
		{5198B87D-8E7B-48D9-960D-63170A6956C5}.Debug|Any CPU.Build.0 = Debug|Any CPU
		{5198B87D-8E7B-48D9-960D-63170A6956C5}.Debug|ARM.ActiveCfg = Debug|Any CPU
		{5198B87D-8E7B-48D9-960D-63170A6956C5}.Debug|ARM.Build.0 = Debug|Any CPU
		{5198B87D-8E7B-48D9-960D-63170A6956C5}.Debug|x64.ActiveCfg = Debug|Any CPU
		{5198B87D-8E7B-48D9-960D-63170A6956C5}.Debug|x64.Build.0 = Debug|Any CPU
		{5198B87D-8E7B-48D9-960D-63170A6956C5}.Debug|x86.ActiveCfg = Debug|Any CPU
		{5198B87D-8E7B-48D9-960D-63170A6956C5}.Debug|x86.Build.0 = Debug|Any CPU
		{5198B87D-8E7B-48D9-960D-63170A6956C5}.Release|Any CPU.ActiveCfg = Release|Any CPU
		{5198B87D-8E7B-48D9-960D-63170A6956C5}.Release|Any CPU.Build.0 = Release|Any CPU
		{5198B87D-8E7B-48D9-960D-63170A6956C5}.Release|ARM.ActiveCfg = Release|Any CPU
		{5198B87D-8E7B-48D9-960D-63170A6956C5}.Release|ARM.Build.0 = Release|Any CPU
		{5198B87D-8E7B-48D9-960D-63170A6956C5}.Release|x64.ActiveCfg = Release|Any CPU
		{5198B87D-8E7B-48D9-960D-63170A6956C5}.Release|x64.Build.0 = Release|Any CPU
		{5198B87D-8E7B-48D9-960D-63170A6956C5}.Release|x86.ActiveCfg = Release|Any CPU
		{5198B87D-8E7B-48D9-960D-63170A6956C5}.Release|x86.Build.0 = Release|Any CPU
	EndGlobalSection
	GlobalSection(SolutionProperties) = preSolution
		HideSolutionNode = FALSE
	EndGlobalSection
	GlobalSection(NestedProjects) = preSolution
		{374C996D-59C3-426D-B6BD-D884348BE7C8} = {75218E6C-3CF6-4A27-877B-5563A2BFB4A3}
	EndGlobalSection
	GlobalSection(ExtensibilityGlobals) = postSolution
		SolutionGuid = {2379DEBA-6C62-4872-B376-380952B49015}
	EndGlobalSection
EndGlobal
